
Microsoft Visual Studio Solution File, Format Version 12.00
# Visual Studio Version 17
VisualStudioVersion = 17.10.35013.160
MinimumVisualStudioVersion = 10.0.40219.1
Project("{9A19103F-16F7-4668-BE54-9A1E7A4F7556}") = "NoteManager.API", "NoteManager.API\NoteManager.API.csproj", "{5AFCC6AB-04C3-423D-9455-239192B7A603}"
EndProject
Project("{9A19103F-16F7-4668-BE54-9A1E7A4F7556}") = "NoteManager.Shared", "NoteManager.Shared\NoteManager.Shared.csproj", "{D88296B9-2FF4-47E5-AA04-7FC915BC474F}"
EndProject
Global
	GlobalSection(SolutionConfigurationPlatforms) = preSolution
		Debug|Any CPU = Debug|Any CPU
		Release|Any CPU = Release|Any CPU
	EndGlobalSection
	GlobalSection(ProjectConfigurationPlatforms) = postSolution
		{5AFCC6AB-04C3-423D-9455-239192B7A603}.Debug|Any CPU.ActiveCfg = Debug|Any CPU
		{5AFCC6AB-04C3-423D-9455-239192B7A603}.Debug|Any CPU.Build.0 = Debug|Any CPU
		{5AFCC6AB-04C3-423D-9455-239192B7A603}.Release|Any CPU.ActiveCfg = Release|Any CPU
		{5AFCC6AB-04C3-423D-9455-239192B7A603}.Release|Any CPU.Build.0 = Release|Any CPU
		{D88296B9-2FF4-47E5-AA04-7FC915BC474F}.Debug|Any CPU.ActiveCfg = Debug|Any CPU
		{D88296B9-2FF4-47E5-AA04-7FC915BC474F}.Debug|Any CPU.Build.0 = Debug|Any CPU
		{D88296B9-2FF4-47E5-AA04-7FC915BC474F}.Release|Any CPU.ActiveCfg = Release|Any CPU
		{D88296B9-2FF4-47E5-AA04-7FC915BC474F}.Release|Any CPU.Build.0 = Release|Any CPU
	EndGlobalSection
	GlobalSection(SolutionProperties) = preSolution
		HideSolutionNode = FALSE
	EndGlobalSection
	GlobalSection(ExtensibilityGlobals) = postSolution
		SolutionGuid = {8D0237DA-8D9A-4E99-A7A3-75B6989E2B98}
	EndGlobalSection
EndGlobal
